
Microsoft Visual Studio Solution File, Format Version 12.00
# Visual Studio Version 17
VisualStudioVersion = 17.7.34018.315
MinimumVisualStudioVersion = 10.0.40219.1
Project("{FAE04EC0-301F-11D3-BF4B-00C04F79EFBC}") = "backend", "backend.csproj", "{A049CF1A-DBFA-40BA-80C8-F416D8877A7D}"
EndProject
Global
	GlobalSection(SolutionConfigurationPlatforms) = preSolution
		Debug|Any CPU = Debug|Any CPU
		Release|Any CPU = Release|Any CPU
	EndGlobalSection
	GlobalSection(ProjectConfigurationPlatforms) = postSolution
		{A049CF1A-DBFA-40BA-80C8-F416D8877A7D}.Debug|Any CPU.ActiveCfg = Debug|Any CPU
		{A049CF1A-DBFA-40BA-80C8-F416D8877A7D}.Debug|Any CPU.Build.0 = Debug|Any CPU
		{A049CF1A-DBFA-40BA-80C8-F416D8877A7D}.Release|Any CPU.ActiveCfg = Release|Any CPU
		{A049CF1A-DBFA-40BA-80C8-F416D8877A7D}.Release|Any CPU.Build.0 = Release|Any CPU
	EndGlobalSection
	GlobalSection(SolutionProperties) = preSolution
		HideSolutionNode = FALSE
	EndGlobalSection
	GlobalSection(ExtensibilityGlobals) = postSolution
		SolutionGuid = {52655E62-512C-4672-9F01-0C06F014D53E}
	EndGlobalSection
EndGlobal
